# This file is automatically @generated by Cargo.
# It is not intended for manual editing.
version = 3

[[package]]
name = "IA_engine"
version = "0.1.0"
dependencies = [
 "matrix_operations",
]

[[package]]
name = "matrix_operations"
version = "0.1.5"
source = "registry+https://github.com/rust-lang/crates.io-index"
checksum = "ba7e4bad3fa1587a27d227859b00633627bd937025290c7b94bbfa4ac1dd9ef7"
